// !$*UTF8*$!
{
	archiveVersion = 1;
	classes = {
	};
	objectVersion = 46;
	objects = {

/* Begin PBXBuildFile section */
		F0058055197B9A470006B49D /* MagnetUtil.c in Sources */ = {isa = PBXBuildFile; fileRef = F0058054197B9A470006B49D /* MagnetUtil.c */; };
		F00B30071976BAD500FB9C4C /* newsDetailVC.m in Sources */ = {isa = PBXBuildFile; fileRef = F00B30051976BAD500FB9C4C /* newsDetailVC.m */; };
		F00B30081976BAD500FB9C4C /* newsDetailVC.xib in Resources */ = {isa = PBXBuildFile; fileRef = F00B30061976BAD500FB9C4C /* newsDetailVC.xib */; };
		F025C92C19854E2000A58BDE /* about_img.png in Resources */ = {isa = PBXBuildFile; fileRef = F025C91519854E2000A58BDE /* about_img.png */; };
		F025C92D19854E2000A58BDE /* about_money.png in Resources */ = {isa = PBXBuildFile; fileRef = F025C91619854E2000A58BDE /* about_money.png */; };
		F025C92E19854E2000A58BDE /* about_ok.png in Resources */ = {isa = PBXBuildFile; fileRef = F025C91719854E2000A58BDE /* about_ok.png */; };
		F025C92F19854E2000A58BDE /* back_normal.png in Resources */ = {isa = PBXBuildFile; fileRef = F025C91819854E2000A58BDE /* back_normal.png */; };
		F025C93019854E2000A58BDE /* back_press.png in Resources */ = {isa = PBXBuildFile; fileRef = F025C91919854E2000A58BDE /* back_press.png */; };
		F025C93119854E2000A58BDE /* bg_edit.9.png in Resources */ = {isa = PBXBuildFile; fileRef = F025C91A19854E2000A58BDE /* bg_edit.9.png */; };
		F025C93219854E2000A58BDE /* bg_edit_selector.9.png in Resources */ = {isa = PBXBuildFile; fileRef = F025C91B19854E2000A58BDE /* bg_edit_selector.9.png */; };
		F025C93319854E2000A58BDE /* bg_item.png in Resources */ = {isa = PBXBuildFile; fileRef = F025C91C19854E2000A58BDE /* bg_item.png */; };
		F025C93419854E2000A58BDE /* bg_spanner.9.png in Resources */ = {isa = PBXBuildFile; fileRef = F025C91D19854E2000A58BDE /* bg_spanner.9.png */; };
		F025C93519854E2000A58BDE /* bg_top.png in Resources */ = {isa = PBXBuildFile; fileRef = F025C91E19854E2000A58BDE /* bg_top.png */; };
		F025C93619854E2000A58BDE /* btn_normal.9.png in Resources */ = {isa = PBXBuildFile; fileRef = F025C91F19854E2000A58BDE /* btn_normal.9.png */; };
		F025C93719854E2000A58BDE /* btn_press.9.png in Resources */ = {isa = PBXBuildFile; fileRef = F025C92019854E2000A58BDE /* btn_press.9.png */; };
		F025C93819854E2000A58BDE /* calculator.png in Resources */ = {isa = PBXBuildFile; fileRef = F025C92119854E2000A58BDE /* calculator.png */; };
		F025C93919854E2000A58BDE /* cuboid_img.png in Resources */ = {isa = PBXBuildFile; fileRef = F025C92219854E2000A58BDE /* cuboid_img.png */; };
		F025C93A19854E2000A58BDE /* current_task_pointer@2x.png in Resources */ = {isa = PBXBuildFile; fileRef = F025C92319854E2000A58BDE /* current_task_pointer@2x.png */; };
		F025C93B19854E2000A58BDE /* cylinder_img.png in Resources */ = {isa = PBXBuildFile; fileRef = F025C92419854E2000A58BDE /* cylinder_img.png */; };
		F025C93C19854E2000A58BDE /* default_img.png in Resources */ = {isa = PBXBuildFile; fileRef = F025C92519854E2000A58BDE /* default_img.png */; };
		F025C93D19854E2000A58BDE /* density.png in Resources */ = {isa = PBXBuildFile; fileRef = F025C92619854E2000A58BDE /* density.png */; };
		F025C93E19854E2000A58BDE /* icon.png in Resources */ = {isa = PBXBuildFile; fileRef = F025C92719854E2000A58BDE /* icon.png */; };
		F025C93F19854E2000A58BDE /* radio_checked.9.png in Resources */ = {isa = PBXBuildFile; fileRef = F025C92819854E2000A58BDE /* radio_checked.9.png */; };
		F025C94019854E2000A58BDE /* radio_unchecked.9.png in Resources */ = {isa = PBXBuildFile; fileRef = F025C92919854E2000A58BDE /* radio_unchecked.9.png */; };
		F025C94119854E2000A58BDE /* split_h.png in Resources */ = {isa = PBXBuildFile; fileRef = F025C92A19854E2000A58BDE /* split_h.png */; };
		F025C94219854E2000A58BDE /* weight.png in Resources */ = {isa = PBXBuildFile; fileRef = F025C92B19854E2000A58BDE /* weight.png */; };
		F025C9481985616600A58BDE /* normal.png in Resources */ = {isa = PBXBuildFile; fileRef = F025C9471985616600A58BDE /* normal.png */; };
		F04E2C8319798C3E007E29F8 /* CycleScrollView.m in Sources */ = {isa = PBXBuildFile; fileRef = F04E2C6119798C3E007E29F8 /* CycleScrollView.m */; };
		F04E2C8419798C3E007E29F8 /* HomeViewController.m in Sources */ = {isa = PBXBuildFile; fileRef = F04E2C6319798C3E007E29F8 /* HomeViewController.m */; };
		F04E2C8519798C3E007E29F8 /* HomeViewController.xib in Resources */ = {isa = PBXBuildFile; fileRef = F04E2C6419798C3E007E29F8 /* HomeViewController.xib */; };
		F04E2C8619798C3E007E29F8 /* NSTimer+Addition.m in Sources */ = {isa = PBXBuildFile; fileRef = F04E2C6619798C3E007E29F8 /* NSTimer+Addition.m */; };
		F0B3E64219756C81008DC625 /* Foundation.framework in Frameworks */ = {isa = PBXBuildFile; fileRef = F0B3E64119756C81008DC625 /* Foundation.framework */; };
		F0B3E64419756C81008DC625 /* CoreGraphics.framework in Frameworks */ = {isa = PBXBuildFile; fileRef = F0B3E64319756C81008DC625 /* CoreGraphics.framework */; };
		F0B3E64619756C81008DC625 /* UIKit.framework in Frameworks */ = {isa = PBXBuildFile; fileRef = F0B3E64519756C81008DC625 /* UIKit.framework */; };
		F0B3E64C19756C81008DC625 /* InfoPlist.strings in Resources */ = {isa = PBXBuildFile; fileRef = F0B3E64A19756C81008DC625 /* InfoPlist.strings */; };
		F0B3E64E19756C81008DC625 /* main.m in Sources */ = {isa = PBXBuildFile; fileRef = F0B3E64D19756C81008DC625 /* main.m */; };
		F0B3E65219756C81008DC625 /* AppDelegate.m in Sources */ = {isa = PBXBuildFile; fileRef = F0B3E65119756C81008DC625 /* AppDelegate.m */; };
		F0B3E65419756C81008DC625 /* Images.xcassets in Resources */ = {isa = PBXBuildFile; fileRef = F0B3E65319756C81008DC625 /* Images.xcassets */; };
		F0B3E67319756DAF008DC625 /* mainViewController.m in Sources */ = {isa = PBXBuildFile; fileRef = F0B3E67119756DAF008DC625 /* mainViewController.m */; };
		F0B3E67419756DAF008DC625 /* mainViewController.xib in Resources */ = {isa = PBXBuildFile; fileRef = F0B3E67219756DAF008DC625 /* mainViewController.xib */; };
		F0B3E68A19756EB8008DC625 /* AFHTTPClient.m in Sources */ = {isa = PBXBuildFile; fileRef = F0B3E67819756EB8008DC625 /* AFHTTPClient.m */; settings = {COMPILER_FLAGS = "-fno-objc-arc"; }; };
		F0B3E68B19756EB8008DC625 /* AFHTTPRequestOperation.m in Sources */ = {isa = PBXBuildFile; fileRef = F0B3E67A19756EB8008DC625 /* AFHTTPRequestOperation.m */; settings = {COMPILER_FLAGS = "-fno-objc-arc"; }; };
		F0B3E68C19756EB8008DC625 /* AFImageRequestOperation.m in Sources */ = {isa = PBXBuildFile; fileRef = F0B3E67C19756EB8008DC625 /* AFImageRequestOperation.m */; settings = {COMPILER_FLAGS = "-fno-objc-arc"; }; };
		F0B3E68D19756EB8008DC625 /* AFJSONRequestOperation.m in Sources */ = {isa = PBXBuildFile; fileRef = F0B3E67E19756EB8008DC625 /* AFJSONRequestOperation.m */; settings = {COMPILER_FLAGS = "-fno-objc-arc"; }; };
		F0B3E68E19756EB8008DC625 /* AFJSONUtilities.m in Sources */ = {isa = PBXBuildFile; fileRef = F0B3E68019756EB8008DC625 /* AFJSONUtilities.m */; settings = {COMPILER_FLAGS = "-fno-objc-arc"; }; };
		F0B3E68F19756EB8008DC625 /* AFNetworkActivityIndicatorManager.m in Sources */ = {isa = PBXBuildFile; fileRef = F0B3E68219756EB8008DC625 /* AFNetworkActivityIndicatorManager.m */; settings = {COMPILER_FLAGS = "-fno-objc-arc"; }; };
		F0B3E69019756EB8008DC625 /* AFPropertyListRequestOperation.m in Sources */ = {isa = PBXBuildFile; fileRef = F0B3E68519756EB8008DC625 /* AFPropertyListRequestOperation.m */; settings = {COMPILER_FLAGS = "-fno-objc-arc"; }; };
		F0B3E69119756EB8008DC625 /* AFURLConnectionOperation.m in Sources */ = {isa = PBXBuildFile; fileRef = F0B3E68719756EB8008DC625 /* AFURLConnectionOperation.m */; settings = {COMPILER_FLAGS = "-fno-objc-arc"; }; };
		F0B3E69219756EB8008DC625 /* AFXMLRequestOperation.m in Sources */ = {isa = PBXBuildFile; fileRef = F0B3E68919756EB8008DC625 /* AFXMLRequestOperation.m */; settings = {COMPILER_FLAGS = "-fno-objc-arc"; }; };
		F0B3E69519756F13008DC625 /* UIImageView+AFNetworking.m in Sources */ = {isa = PBXBuildFile; fileRef = F0B3E69419756F13008DC625 /* UIImageView+AFNetworking.m */; settings = {COMPILER_FLAGS = "-fno-objc-arc"; }; };
		F0B3E69B197570AA008DC625 /* AFCustomClient.m in Sources */ = {isa = PBXBuildFile; fileRef = F0B3E69A197570AA008DC625 /* AFCustomClient.m */; };
		F0B3E6A2197571CD008DC625 /* JSONKit.m in Sources */ = {isa = PBXBuildFile; fileRef = F0B3E69E197571CD008DC625 /* JSONKit.m */; settings = {COMPILER_FLAGS = "-fno-objc-arc"; }; };
		F0B3E6A3197571CD008DC625 /* MBProgressHUD.m in Sources */ = {isa = PBXBuildFile; fileRef = F0B3E6A1197571CD008DC625 /* MBProgressHUD.m */; };
		F0BB62E61976BFD600BBAE31 /* newsListVC.m in Sources */ = {isa = PBXBuildFile; fileRef = F0BB62E41976BFD600BBAE31 /* newsListVC.m */; };
		F0BB62E71976BFD600BBAE31 /* newsListVC.xib in Resources */ = {isa = PBXBuildFile; fileRef = F0BB62E51976BFD600BBAE31 /* newsListVC.xib */; };
		F0F99EDA1986926400C5D4E4 /* MessageUI.framework in Frameworks */ = {isa = PBXBuildFile; fileRef = F0F99ED91986926400C5D4E4 /* MessageUI.framework */; };
/* End PBXBuildFile section */

/* Begin PBXFileReference section */
		2AA2FEF81A11DB0700D8A316 /* WinLottery-Prefix.pch */ = {isa = PBXFileReference; fileEncoding = 4; lastKnownFileType = sourcecode.c.h; path = "WinLottery-Prefix.pch"; sourceTree = "<group>"; };
		F0058054197B9A470006B49D /* MagnetUtil.c */ = {isa = PBXFileReference; explicitFileType = sourcecode.cpp.cpp; fileEncoding = 4; path = MagnetUtil.c; sourceTree = "<group>"; };
		F00B30041976BAD500FB9C4C /* newsDetailVC.h */ = {isa = PBXFileReference; fileEncoding = 4; lastKnownFileType = sourcecode.c.h; path = newsDetailVC.h; sourceTree = "<group>"; };
		F00B30051976BAD500FB9C4C /* newsDetailVC.m */ = {isa = PBXFileReference; fileEncoding = 4; lastKnownFileType = sourcecode.c.objc; path = newsDetailVC.m; sourceTree = "<group>"; };
		F00B30061976BAD500FB9C4C /* newsDetailVC.xib */ = {isa = PBXFileReference; fileEncoding = 4; lastKnownFileType = file.xib; path = newsDetailVC.xib; sourceTree = "<group>"; };
		F025C91519854E2000A58BDE /* about_img.png */ = {isa = PBXFileReference; lastKnownFileType = image.png; path = about_img.png; sourceTree = "<group>"; };
		F025C91619854E2000A58BDE /* about_money.png */ = {isa = PBXFileReference; lastKnownFileType = image.png; path = about_money.png; sourceTree = "<group>"; };
		F025C91719854E2000A58BDE /* about_ok.png */ = {isa = PBXFileReference; lastKnownFileType = image.png; path = about_ok.png; sourceTree = "<group>"; };
		F025C91819854E2000A58BDE /* back_normal.png */ = {isa = PBXFileReference; lastKnownFileType = image.png; path = back_normal.png; sourceTree = "<group>"; };
		F025C91919854E2000A58BDE /* back_press.png */ = {isa = PBXFileReference; lastKnownFileType = image.png; path = back_press.png; sourceTree = "<group>"; };
		F025C91A19854E2000A58BDE /* bg_edit.9.png */ = {isa = PBXFileReference; lastKnownFileType = image.png; path = bg_edit.9.png; sourceTree = "<group>"; };
		F025C91B19854E2000A58BDE /* bg_edit_selector.9.png */ = {isa = PBXFileReference; lastKnownFileType = image.png; path = bg_edit_selector.9.png; sourceTree = "<group>"; };
		F025C91C19854E2000A58BDE /* bg_item.png */ = {isa = PBXFileReference; lastKnownFileType = image.png; path = bg_item.png; sourceTree = "<group>"; };
		F025C91D19854E2000A58BDE /* bg_spanner.9.png */ = {isa = PBXFileReference; lastKnownFileType = image.png; path = bg_spanner.9.png; sourceTree = "<group>"; };
		F025C91E19854E2000A58BDE /* bg_top.png */ = {isa = PBXFileReference; lastKnownFileType = image.png; path = bg_top.png; sourceTree = "<group>"; };
		F025C91F19854E2000A58BDE /* btn_normal.9.png */ = {isa = PBXFileReference; lastKnownFileType = image.png; path = btn_normal.9.png; sourceTree = "<group>"; };
		F025C92019854E2000A58BDE /* btn_press.9.png */ = {isa = PBXFileReference; lastKnownFileType = image.png; path = btn_press.9.png; sourceTree = "<group>"; };
		F025C92119854E2000A58BDE /* calculator.png */ = {isa = PBXFileReference; lastKnownFileType = image.png; path = calculator.png; sourceTree = "<group>"; };
		F025C92219854E2000A58BDE /* cuboid_img.png */ = {isa = PBXFileReference; lastKnownFileType = image.png; path = cuboid_img.png; sourceTree = "<group>"; };
		F025C92319854E2000A58BDE /* current_task_pointer@2x.png */ = {isa = PBXFileReference; lastKnownFileType = image.png; path = "current_task_pointer@2x.png"; sourceTree = "<group>"; };
		F025C92419854E2000A58BDE /* cylinder_img.png */ = {isa = PBXFileReference; lastKnownFileType = image.png; path = cylinder_img.png; sourceTree = "<group>"; };
		F025C92519854E2000A58BDE /* default_img.png */ = {isa = PBXFileReference; lastKnownFileType = image.png; path = default_img.png; sourceTree = "<group>"; };
		F025C92619854E2000A58BDE /* density.png */ = {isa = PBXFileReference; lastKnownFileType = image.png; path = density.png; sourceTree = "<group>"; };
		F025C92719854E2000A58BDE /* icon.png */ = {isa = PBXFileReference; lastKnownFileType = image.png; path = icon.png; sourceTree = "<group>"; };
		F025C92819854E2000A58BDE /* radio_checked.9.png */ = {isa = PBXFileReference; lastKnownFileType = image.png; path = radio_checked.9.png; sourceTree = "<group>"; };
		F025C92919854E2000A58BDE /* radio_unchecked.9.png */ = {isa = PBXFileReference; lastKnownFileType = image.png; path = radio_unchecked.9.png; sourceTree = "<group>"; };
		F025C92A19854E2000A58BDE /* split_h.png */ = {isa = PBXFileReference; lastKnownFileType = image.png; path = split_h.png; sourceTree = "<group>"; };
		F025C92B19854E2000A58BDE /* weight.png */ = {isa = PBXFileReference; lastKnownFileType = image.png; path = weight.png; sourceTree = "<group>"; };
		F025C9471985616600A58BDE /* normal.png */ = {isa = PBXFileReference; lastKnownFileType = image.png; path = normal.png; sourceTree = "<group>"; };
		F04E2C6019798C3E007E29F8 /* CycleScrollView.h */ = {isa = PBXFileReference; fileEncoding = 4; lastKnownFileType = sourcecode.c.h; path = CycleScrollView.h; sourceTree = "<group>"; };
		F04E2C6119798C3E007E29F8 /* CycleScrollView.m */ = {isa = PBXFileReference; fileEncoding = 4; lastKnownFileType = sourcecode.c.objc; path = CycleScrollView.m; sourceTree = "<group>"; };
		F04E2C6219798C3E007E29F8 /* HomeViewController.h */ = {isa = PBXFileReference; fileEncoding = 4; lastKnownFileType = sourcecode.c.h; path = HomeViewController.h; sourceTree = "<group>"; };
		F04E2C6319798C3E007E29F8 /* HomeViewController.m */ = {isa = PBXFileReference; fileEncoding = 4; lastKnownFileType = sourcecode.c.objc; path = HomeViewController.m; sourceTree = "<group>"; };
		F04E2C6419798C3E007E29F8 /* HomeViewController.xib */ = {isa = PBXFileReference; fileEncoding = 4; lastKnownFileType = file.xib; path = HomeViewController.xib; sourceTree = "<group>"; };
		F04E2C6519798C3E007E29F8 /* NSTimer+Addition.h */ = {isa = PBXFileReference; fileEncoding = 4; lastKnownFileType = sourcecode.c.h; path = "NSTimer+Addition.h"; sourceTree = "<group>"; };
		F04E2C6619798C3E007E29F8 /* NSTimer+Addition.m */ = {isa = PBXFileReference; fileEncoding = 4; lastKnownFileType = sourcecode.c.objc; path = "NSTimer+Addition.m"; sourceTree = "<group>"; };
		F0B3E63E19756C81008DC625 /* WinLottery.app */ = {isa = PBXFileReference; explicitFileType = wrapper.application; includeInIndex = 0; path = WinLottery.app; sourceTree = BUILT_PRODUCTS_DIR; };
		F0B3E64119756C81008DC625 /* Foundation.framework */ = {isa = PBXFileReference; lastKnownFileType = wrapper.framework; name = Foundation.framework; path = System/Library/Frameworks/Foundation.framework; sourceTree = SDKROOT; };
		F0B3E64319756C81008DC625 /* CoreGraphics.framework */ = {isa = PBXFileReference; lastKnownFileType = wrapper.framework; name = CoreGraphics.framework; path = System/Library/Frameworks/CoreGraphics.framework; sourceTree = SDKROOT; };
		F0B3E64519756C81008DC625 /* UIKit.framework */ = {isa = PBXFileReference; lastKnownFileType = wrapper.framework; name = UIKit.framework; path = System/Library/Frameworks/UIKit.framework; sourceTree = SDKROOT; };
		F0B3E64919756C81008DC625 /* WinLottery-Info.plist */ = {isa = PBXFileReference; lastKnownFileType = text.plist.xml; path = "WinLottery-Info.plist"; sourceTree = "<group>"; };
		F0B3E64B19756C81008DC625 /* en */ = {isa = PBXFileReference; lastKnownFileType = text.plist.strings; name = en; path = en.lproj/InfoPlist.strings; sourceTree = "<group>"; };
		F0B3E64D19756C81008DC625 /* main.m */ = {isa = PBXFileReference; lastKnownFileType = sourcecode.c.objc; path = main.m; sourceTree = "<group>"; };
		F0B3E65019756C81008DC625 /* AppDelegate.h */ = {isa = PBXFileReference; lastKnownFileType = sourcecode.c.h; path = AppDelegate.h; sourceTree = "<group>"; };
		F0B3E65119756C81008DC625 /* AppDelegate.m */ = {isa = PBXFileReference; lastKnownFileType = sourcecode.c.objc; path = AppDelegate.m; sourceTree = "<group>"; };
		F0B3E65319756C81008DC625 /* Images.xcassets */ = {isa = PBXFileReference; lastKnownFileType = folder.assetcatalog; path = Images.xcassets; sourceTree = "<group>"; };
		F0B3E67019756DAF008DC625 /* mainViewController.h */ = {isa = PBXFileReference; fileEncoding = 4; lastKnownFileType = sourcecode.c.h; path = mainViewController.h; sourceTree = "<group>"; };
		F0B3E67119756DAF008DC625 /* mainViewController.m */ = {isa = PBXFileReference; fileEncoding = 4; lastKnownFileType = sourcecode.c.objc; path = mainViewController.m; sourceTree = "<group>"; };
		F0B3E67219756DAF008DC625 /* mainViewController.xib */ = {isa = PBXFileReference; fileEncoding = 4; lastKnownFileType = file.xib; path = mainViewController.xib; sourceTree = "<group>"; };
		F0B3E67719756EB8008DC625 /* AFHTTPClient.h */ = {isa = PBXFileReference; fileEncoding = 4; lastKnownFileType = sourcecode.c.h; path = AFHTTPClient.h; sourceTree = "<group>"; };
		F0B3E67819756EB8008DC625 /* AFHTTPClient.m */ = {isa = PBXFileReference; fileEncoding = 4; lastKnownFileType = sourcecode.c.objc; path = AFHTTPClient.m; sourceTree = "<group>"; };
		F0B3E67919756EB8008DC625 /* AFHTTPRequestOperation.h */ = {isa = PBXFileReference; fileEncoding = 4; lastKnownFileType = sourcecode.c.h; path = AFHTTPRequestOperation.h; sourceTree = "<group>"; };
		F0B3E67A19756EB8008DC625 /* AFHTTPRequestOperation.m */ = {isa = PBXFileReference; fileEncoding = 4; lastKnownFileType = sourcecode.c.objc; path = AFHTTPRequestOperation.m; sourceTree = "<group>"; };
		F0B3E67B19756EB8008DC625 /* AFImageRequestOperation.h */ = {isa = PBXFileReference; fileEncoding = 4; lastKnownFileType = sourcecode.c.h; path = AFImageRequestOperation.h; sourceTree = "<group>"; };
		F0B3E67C19756EB8008DC625 /* AFImageRequestOperation.m */ = {isa = PBXFileReference; fileEncoding = 4; lastKnownFileType = sourcecode.c.objc; path = AFImageRequestOperation.m; sourceTree = "<group>"; };
		F0B3E67D19756EB8008DC625 /* AFJSONRequestOperation.h */ = {isa = PBXFileReference; fileEncoding = 4; lastKnownFileType = sourcecode.c.h; path = AFJSONRequestOperation.h; sourceTree = "<group>"; };
		F0B3E67E19756EB8008DC625 /* AFJSONRequestOperation.m */ = {isa = PBXFileReference; fileEncoding = 4; lastKnownFileType = sourcecode.c.objc; path = AFJSONRequestOperation.m; sourceTree = "<group>"; };
		F0B3E67F19756EB8008DC625 /* AFJSONUtilities.h */ = {isa = PBXFileReference; fileEncoding = 4; lastKnownFileType = sourcecode.c.h; path = AFJSONUtilities.h; sourceTree = "<group>"; };
		F0B3E68019756EB8008DC625 /* AFJSONUtilities.m */ = {isa = PBXFileReference; fileEncoding = 4; lastKnownFileType = sourcecode.c.objc; path = AFJSONUtilities.m; sourceTree = "<group>"; };
		F0B3E68119756EB8008DC625 /* AFNetworkActivityIndicatorManager.h */ = {isa = PBXFileReference; fileEncoding = 4; lastKnownFileType = sourcecode.c.h; path = AFNetworkActivityIndicatorManager.h; sourceTree = "<group>"; };
		F0B3E68219756EB8008DC625 /* AFNetworkActivityIndicatorManager.m */ = {isa = PBXFileReference; fileEncoding = 4; lastKnownFileType = sourcecode.c.objc; path = AFNetworkActivityIndicatorManager.m; sourceTree = "<group>"; };
		F0B3E68319756EB8008DC625 /* AFNetworking.h */ = {isa = PBXFileReference; fileEncoding = 4; lastKnownFileType = sourcecode.c.h; path = AFNetworking.h; sourceTree = "<group>"; };
		F0B3E68419756EB8008DC625 /* AFPropertyListRequestOperation.h */ = {isa = PBXFileReference; fileEncoding = 4; lastKnownFileType = sourcecode.c.h; path = AFPropertyListRequestOperation.h; sourceTree = "<group>"; };
		F0B3E68519756EB8008DC625 /* AFPropertyListRequestOperation.m */ = {isa = PBXFileReference; fileEncoding = 4; lastKnownFileType = sourcecode.c.objc; path = AFPropertyListRequestOperation.m; sourceTree = "<group>"; };
		F0B3E68619756EB8008DC625 /* AFURLConnectionOperation.h */ = {isa = PBXFileReference; fileEncoding = 4; lastKnownFileType = sourcecode.c.h; path = AFURLConnectionOperation.h; sourceTree = "<group>"; };
		F0B3E68719756EB8008DC625 /* AFURLConnectionOperation.m */ = {isa = PBXFileReference; fileEncoding = 4; lastKnownFileType = sourcecode.c.objc; path = AFURLConnectionOperation.m; sourceTree = "<group>"; };
		F0B3E68819756EB8008DC625 /* AFXMLRequestOperation.h */ = {isa = PBXFileReference; fileEncoding = 4; lastKnownFileType = sourcecode.c.h; path = AFXMLRequestOperation.h; sourceTree = "<group>"; };
		F0B3E68919756EB8008DC625 /* AFXMLRequestOperation.m */ = {isa = PBXFileReference; fileEncoding = 4; lastKnownFileType = sourcecode.c.objc; path = AFXMLRequestOperation.m; sourceTree = "<group>"; };
		F0B3E69319756F13008DC625 /* UIImageView+AFNetworking.h */ = {isa = PBXFileReference; fileEncoding = 4; lastKnownFileType = sourcecode.c.h; path = "UIImageView+AFNetworking.h"; sourceTree = "<group>"; };
		F0B3E69419756F13008DC625 /* UIImageView+AFNetworking.m */ = {isa = PBXFileReference; fileEncoding = 4; lastKnownFileType = sourcecode.c.objc; path = "UIImageView+AFNetworking.m"; sourceTree = "<group>"; };
		F0B3E699197570AA008DC625 /* AFCustomClient.h */ = {isa = PBXFileReference; fileEncoding = 4; lastKnownFileType = sourcecode.c.h; path = AFCustomClient.h; sourceTree = "<group>"; };
		F0B3E69A197570AA008DC625 /* AFCustomClient.m */ = {isa = PBXFileReference; fileEncoding = 4; lastKnownFileType = sourcecode.c.objc; path = AFCustomClient.m; sourceTree = "<group>"; };
		F0B3E69D197571CD008DC625 /* JSONKit.h */ = {isa = PBXFileReference; fileEncoding = 4; lastKnownFileType = sourcecode.c.h; path = JSONKit.h; sourceTree = "<group>"; };
		F0B3E69E197571CD008DC625 /* JSONKit.m */ = {isa = PBXFileReference; fileEncoding = 4; lastKnownFileType = sourcecode.c.objc; path = JSONKit.m; sourceTree = "<group>"; };
		F0B3E6A0197571CD008DC625 /* MBProgressHUD.h */ = {isa = PBXFileReference; fileEncoding = 4; lastKnownFileType = sourcecode.c.h; path = MBProgressHUD.h; sourceTree = "<group>"; };
		F0B3E6A1197571CD008DC625 /* MBProgressHUD.m */ = {isa = PBXFileReference; fileEncoding = 4; lastKnownFileType = sourcecode.c.objc; path = MBProgressHUD.m; sourceTree = "<group>"; };
		F0BB62E31976BFD600BBAE31 /* newsListVC.h */ = {isa = PBXFileReference; fileEncoding = 4; lastKnownFileType = sourcecode.c.h; path = newsListVC.h; sourceTree = "<group>"; };
		F0BB62E41976BFD600BBAE31 /* newsListVC.m */ = {isa = PBXFileReference; fileEncoding = 4; lastKnownFileType = sourcecode.c.objc; path = newsListVC.m; sourceTree = "<group>"; };
		F0BB62E51976BFD600BBAE31 /* newsListVC.xib */ = {isa = PBXFileReference; fileEncoding = 4; lastKnownFileType = file.xib; path = newsListVC.xib; sourceTree = "<group>"; };
		F0F99ED91986926400C5D4E4 /* MessageUI.framework */ = {isa = PBXFileReference; lastKnownFileType = wrapper.framework; name = MessageUI.framework; path = System/Library/Frameworks/MessageUI.framework; sourceTree = SDKROOT; };
/* End PBXFileReference section */

/* Begin PBXFrameworksBuildPhase section */
		F0B3E63B19756C81008DC625 /* Frameworks */ = {
			isa = PBXFrameworksBuildPhase;
			buildActionMask = 2147483647;
			files = (
				F0F99EDA1986926400C5D4E4 /* MessageUI.framework in Frameworks */,
				F0B3E64419756C81008DC625 /* CoreGraphics.framework in Frameworks */,
				F0B3E64619756C81008DC625 /* UIKit.framework in Frameworks */,
				F0B3E64219756C81008DC625 /* Foundation.framework in Frameworks */,
			);
			runOnlyForDeploymentPostprocessing = 0;
		};
/* End PBXFrameworksBuildPhase section */

/* Begin PBXGroup section */
		2AA2FEF91A11E33C00D8A316 /* News */ = {
			isa = PBXGroup;
			children = (
				F00B30041976BAD500FB9C4C /* newsDetailVC.h */,
				F00B30051976BAD500FB9C4C /* newsDetailVC.m */,
				F00B30061976BAD500FB9C4C /* newsDetailVC.xib */,
				F0BB62E31976BFD600BBAE31 /* newsListVC.h */,
				F0BB62E41976BFD600BBAE31 /* newsListVC.m */,
				F0BB62E51976BFD600BBAE31 /* newsListVC.xib */,
			);
			name = News;
			sourceTree = "<group>";
		};
		F025C91419854E2000A58BDE /* img */ = {
			isa = PBXGroup;
			children = (
				F025C9471985616600A58BDE /* normal.png */,
				F025C91519854E2000A58BDE /* about_img.png */,
				F025C91619854E2000A58BDE /* about_money.png */,
				F025C91719854E2000A58BDE /* about_ok.png */,
				F025C91819854E2000A58BDE /* back_normal.png */,
				F025C91919854E2000A58BDE /* back_press.png */,
				F025C91A19854E2000A58BDE /* bg_edit.9.png */,
				F025C91B19854E2000A58BDE /* bg_edit_selector.9.png */,
				F025C91C19854E2000A58BDE /* bg_item.png */,
				F025C91D19854E2000A58BDE /* bg_spanner.9.png */,
				F025C91E19854E2000A58BDE /* bg_top.png */,
				F025C91F19854E2000A58BDE /* btn_normal.9.png */,
				F025C92019854E2000A58BDE /* btn_press.9.png */,
				F025C92119854E2000A58BDE /* calculator.png */,
				F025C92219854E2000A58BDE /* cuboid_img.png */,
				F025C92319854E2000A58BDE /* current_task_pointer@2x.png */,
				F025C92419854E2000A58BDE /* cylinder_img.png */,
				F025C92519854E2000A58BDE /* default_img.png */,
				F025C92619854E2000A58BDE /* density.png */,
				F025C92719854E2000A58BDE /* icon.png */,
				F025C92819854E2000A58BDE /* radio_checked.9.png */,
				F025C92919854E2000A58BDE /* radio_unchecked.9.png */,
				F025C92A19854E2000A58BDE /* split_h.png */,
				F025C92B19854E2000A58BDE /* weight.png */,
			);
			name = img;
			path = WinLottery/img;
			sourceTree = "<group>";
		};
		F04E2C5F19798C3E007E29F8 /* Classes */ = {
			isa = PBXGroup;
			children = (
				F04E2C6019798C3E007E29F8 /* CycleScrollView.h */,
				F04E2C6119798C3E007E29F8 /* CycleScrollView.m */,
				F04E2C6219798C3E007E29F8 /* HomeViewController.h */,
				F04E2C6319798C3E007E29F8 /* HomeViewController.m */,
				F04E2C6419798C3E007E29F8 /* HomeViewController.xib */,
				F04E2C6519798C3E007E29F8 /* NSTimer+Addition.h */,
				F04E2C6619798C3E007E29F8 /* NSTimer+Addition.m */,
			);
			path = Classes;
			sourceTree = "<group>";
		};
		F0B3E63519756C81008DC625 = {
			isa = PBXGroup;
			children = (
				F025C91419854E2000A58BDE /* img */,
				F0B3E67519756EB8008DC625 /* third part */,
				F0B3E64719756C81008DC625 /* WinLottery */,
				F0B3E64019756C81008DC625 /* Frameworks */,
				F0B3E63F19756C81008DC625 /* Products */,
			);
			sourceTree = "<group>";
		};
		F0B3E63F19756C81008DC625 /* Products */ = {
			isa = PBXGroup;
			children = (
				F0B3E63E19756C81008DC625 /* WinLottery.app */,
			);
			name = Products;
			sourceTree = "<group>";
		};
		F0B3E64019756C81008DC625 /* Frameworks */ = {
			isa = PBXGroup;
			children = (
				F0F99ED91986926400C5D4E4 /* MessageUI.framework */,
				F0B3E64119756C81008DC625 /* Foundation.framework */,
				F0B3E64319756C81008DC625 /* CoreGraphics.framework */,
				F0B3E64519756C81008DC625 /* UIKit.framework */,
			);
			name = Frameworks;
			sourceTree = "<group>";
		};
		F0B3E64719756C81008DC625 /* WinLottery */ = {
			isa = PBXGroup;
			children = (
				2AA2FEF91A11E33C00D8A316 /* News */,
				F0B3E67019756DAF008DC625 /* mainViewController.h */,
				F0B3E67119756DAF008DC625 /* mainViewController.m */,
				F0B3E67219756DAF008DC625 /* mainViewController.xib */,
				F0B3E65019756C81008DC625 /* AppDelegate.h */,
				F0B3E65119756C81008DC625 /* AppDelegate.m */,
				F0B3E65319756C81008DC625 /* Images.xcassets */,
				F0B3E64819756C81008DC625 /* Supporting Files */,
				F0B3E699197570AA008DC625 /* AFCustomClient.h */,
				F0B3E69A197570AA008DC625 /* AFCustomClient.m */,
			);
			path = WinLottery;
			sourceTree = "<group>";
		};
		F0B3E64819756C81008DC625 /* Supporting Files */ = {
			isa = PBXGroup;
			children = (
				2AA2FEF81A11DB0700D8A316 /* WinLottery-Prefix.pch */,
				F0B3E64919756C81008DC625 /* WinLottery-Info.plist */,
				F0B3E64A19756C81008DC625 /* InfoPlist.strings */,
				F0B3E64D19756C81008DC625 /* main.m */,
			);
			name = "Supporting Files";
			sourceTree = "<group>";
		};
		F0B3E67519756EB8008DC625 /* third part */ = {
			isa = PBXGroup;
			children = (
				F0058054197B9A470006B49D /* MagnetUtil.c */,
				F04E2C5F19798C3E007E29F8 /* Classes */,
				F0B3E69C197571CD008DC625 /* JSONKit */,
				F0B3E69F197571CD008DC625 /* MBPHUD */,
				F0B3E67619756EB8008DC625 /* afnetwork */,
			);
			name = "third part";
			path = "WinLottery/third part";
			sourceTree = "<group>";
		};
		F0B3E67619756EB8008DC625 /* afnetwork */ = {
			isa = PBXGroup;
			children = (
				F0B3E69319756F13008DC625 /* UIImageView+AFNetworking.h */,
				F0B3E69419756F13008DC625 /* UIImageView+AFNetworking.m */,
				F0B3E67719756EB8008DC625 /* AFHTTPClient.h */,
				F0B3E67819756EB8008DC625 /* AFHTTPClient.m */,
				F0B3E67919756EB8008DC625 /* AFHTTPRequestOperation.h */,
				F0B3E67A19756EB8008DC625 /* AFHTTPRequestOperation.m */,
				F0B3E67B19756EB8008DC625 /* AFImageRequestOperation.h */,
				F0B3E67C19756EB8008DC625 /* AFImageRequestOperation.m */,
				F0B3E67D19756EB8008DC625 /* AFJSONRequestOperation.h */,
				F0B3E67E19756EB8008DC625 /* AFJSONRequestOperation.m */,
				F0B3E67F19756EB8008DC625 /* AFJSONUtilities.h */,
				F0B3E68019756EB8008DC625 /* AFJSONUtilities.m */,
				F0B3E68119756EB8008DC625 /* AFNetworkActivityIndicatorManager.h */,
				F0B3E68219756EB8008DC625 /* AFNetworkActivityIndicatorManager.m */,
				F0B3E68319756EB8008DC625 /* AFNetworking.h */,
				F0B3E68419756EB8008DC625 /* AFPropertyListRequestOperation.h */,
				F0B3E68519756EB8008DC625 /* AFPropertyListRequestOperation.m */,
				F0B3E68619756EB8008DC625 /* AFURLConnectionOperation.h */,
				F0B3E68719756EB8008DC625 /* AFURLConnectionOperation.m */,
				F0B3E68819756EB8008DC625 /* AFXMLRequestOperation.h */,
				F0B3E68919756EB8008DC625 /* AFXMLRequestOperation.m */,
			);
			path = afnetwork;
			sourceTree = "<group>";
		};
		F0B3E69C197571CD008DC625 /* JSONKit */ = {
			isa = PBXGroup;
			children = (
				F0B3E69D197571CD008DC625 /* JSONKit.h */,
				F0B3E69E197571CD008DC625 /* JSONKit.m */,
			);
			path = JSONKit;
			sourceTree = "<group>";
		};
		F0B3E69F197571CD008DC625 /* MBPHUD */ = {
			isa = PBXGroup;
			children = (
				F0B3E6A0197571CD008DC625 /* MBProgressHUD.h */,
				F0B3E6A1197571CD008DC625 /* MBProgressHUD.m */,
			);
			path = MBPHUD;
			sourceTree = "<group>";
		};
/* End PBXGroup section */

/* Begin PBXNativeTarget section */
		F0B3E63D19756C81008DC625 /* WinLottery */ = {
			isa = PBXNativeTarget;
			buildConfigurationList = F0B3E66A19756C81008DC625 /* Build configuration list for PBXNativeTarget "WinLottery" */;
			buildPhases = (
				F0B3E63A19756C81008DC625 /* Sources */,
				F0B3E63B19756C81008DC625 /* Frameworks */,
				F0B3E63C19756C81008DC625 /* Resources */,
			);
			buildRules = (
			);
			dependencies = (
			);
			name = WinLottery;
			productName = calculator;
			productReference = F0B3E63E19756C81008DC625 /* WinLottery.app */;
			productType = "com.apple.product-type.application";
		};
/* End PBXNativeTarget section */

/* Begin PBXProject section */
		F0B3E63619756C81008DC625 /* Project object */ = {
			isa = PBXProject;
			attributes = {
				LastUpgradeCheck = 0510;
				ORGANIZATIONNAME = jiangzheng;
			};
			buildConfigurationList = F0B3E63919756C81008DC625 /* Build configuration list for PBXProject "WinLottery" */;
			compatibilityVersion = "Xcode 3.2";
			developmentRegion = English;
			hasScannedForEncodings = 0;
			knownRegions = (
				en,
			);
			mainGroup = F0B3E63519756C81008DC625;
			productRefGroup = F0B3E63F19756C81008DC625 /* Products */;
			projectDirPath = "";
			projectRoot = "";
			targets = (
				F0B3E63D19756C81008DC625 /* WinLottery */,
			);
		};
/* End PBXProject section */

/* Begin PBXResourcesBuildPhase section */
		F0B3E63C19756C81008DC625 /* Resources */ = {
			isa = PBXResourcesBuildPhase;
			buildActionMask = 2147483647;
			files = (
				F025C93719854E2000A58BDE /* btn_press.9.png in Resources */,
				F025C93F19854E2000A58BDE /* radio_checked.9.png in Resources */,
				F025C93D19854E2000A58BDE /* density.png in Resources */,
				F025C93119854E2000A58BDE /* bg_edit.9.png in Resources */,
				F0B3E64C19756C81008DC625 /* InfoPlist.strings in Resources */,
				F025C92E19854E2000A58BDE /* about_ok.png in Resources */,
				F025C94219854E2000A58BDE /* weight.png in Resources */,
				F025C93E19854E2000A58BDE /* icon.png in Resources */,
				F025C93A19854E2000A58BDE /* current_task_pointer@2x.png in Resources */,
				F00B30081976BAD500FB9C4C /* newsDetailVC.xib in Resources */,
				F025C93B19854E2000A58BDE /* cylinder_img.png in Resources */,
				F025C94119854E2000A58BDE /* split_h.png in Resources */,
				F025C93619854E2000A58BDE /* btn_normal.9.png in Resources */,
				F0B3E65419756C81008DC625 /* Images.xcassets in Resources */,
				F025C9481985616600A58BDE /* normal.png in Resources */,
				F025C93319854E2000A58BDE /* bg_item.png in Resources */,
				F0B3E67419756DAF008DC625 /* mainViewController.xib in Resources */,
				F025C93519854E2000A58BDE /* bg_top.png in Resources */,
				F025C93919854E2000A58BDE /* cuboid_img.png in Resources */,
				F025C93019854E2000A58BDE /* back_press.png in Resources */,
				F025C93219854E2000A58BDE /* bg_edit_selector.9.png in Resources */,
				F04E2C8519798C3E007E29F8 /* HomeViewController.xib in Resources */,
				F025C92F19854E2000A58BDE /* back_normal.png in Resources */,
				F025C92C19854E2000A58BDE /* about_img.png in Resources */,
				F025C94019854E2000A58BDE /* radio_unchecked.9.png in Resources */,
				F025C92D19854E2000A58BDE /* about_money.png in Resources */,
				F0BB62E71976BFD600BBAE31 /* newsListVC.xib in Resources */,
				F025C93819854E2000A58BDE /* calculator.png in Resources */,
				F025C93419854E2000A58BDE /* bg_spanner.9.png in Resources */,
				F025C93C19854E2000A58BDE /* default_img.png in Resources */,
			);
			runOnlyForDeploymentPostprocessing = 0;
		};
/* End PBXResourcesBuildPhase section */

/* Begin PBXSourcesBuildPhase section */
		F0B3E63A19756C81008DC625 /* Sources */ = {
			isa = PBXSourcesBuildPhase;
			buildActionMask = 2147483647;
			files = (
				F0B3E69119756EB8008DC625 /* AFURLConnectionOperation.m in Sources */,
				F0B3E69519756F13008DC625 /* UIImageView+AFNetworking.m in Sources */,
				F0B3E68C19756EB8008DC625 /* AFImageRequestOperation.m in Sources */,
				F0B3E68E19756EB8008DC625 /* AFJSONUtilities.m in Sources */,
				F0058055197B9A470006B49D /* MagnetUtil.c in Sources */,
				F0B3E67319756DAF008DC625 /* mainViewController.m in Sources */,
				F04E2C8419798C3E007E29F8 /* HomeViewController.m in Sources */,
				F0B3E69219756EB8008DC625 /* AFXMLRequestOperation.m in Sources */,
				F0B3E65219756C81008DC625 /* AppDelegate.m in Sources */,
				F0B3E68D19756EB8008DC625 /* AFJSONRequestOperation.m in Sources */,
				F0B3E68B19756EB8008DC625 /* AFHTTPRequestOperation.m in Sources */,
				F04E2C8319798C3E007E29F8 /* CycleScrollView.m in Sources */,
				F0BB62E61976BFD600BBAE31 /* newsListVC.m in Sources */,
				F0B3E64E19756C81008DC625 /* main.m in Sources */,
				F0B3E69B197570AA008DC625 /* AFCustomClient.m in Sources */,
				F00B30071976BAD500FB9C4C /* newsDetailVC.m in Sources */,
				F04E2C8619798C3E007E29F8 /* NSTimer+Addition.m in Sources */,
				F0B3E68A19756EB8008DC625 /* AFHTTPClient.m in Sources */,
				F0B3E69019756EB8008DC625 /* AFPropertyListRequestOperation.m in Sources */,
				F0B3E68F19756EB8008DC625 /* AFNetworkActivityIndicatorManager.m in Sources */,
				F0B3E6A2197571CD008DC625 /* JSONKit.m in Sources */,
				F0B3E6A3197571CD008DC625 /* MBProgressHUD.m in Sources */,
			);
			runOnlyForDeploymentPostprocessing = 0;
		};
/* End PBXSourcesBuildPhase section */

/* Begin PBXVariantGroup section */
		F0B3E64A19756C81008DC625 /* InfoPlist.strings */ = {
			isa = PBXVariantGroup;
			children = (
				F0B3E64B19756C81008DC625 /* en */,
			);
			name = InfoPlist.strings;
			sourceTree = "<group>";
		};
/* End PBXVariantGroup section */

/* Begin XCBuildConfiguration section */
		F0B3E66819756C81008DC625 /* Debug */ = {
			isa = XCBuildConfiguration;
			buildSettings = {
				ALWAYS_SEARCH_USER_PATHS = NO;
				CLANG_CXX_LANGUAGE_STANDARD = "gnu++0x";
				CLANG_CXX_LIBRARY = "libc++";
				CLANG_ENABLE_MODULES = YES;
				CLANG_ENABLE_OBJC_ARC = YES;
				CLANG_WARN_BOOL_CONVERSION = YES;
				CLANG_WARN_CONSTANT_CONVERSION = YES;
				CLANG_WARN_DIRECT_OBJC_ISA_USAGE = YES_ERROR;
				CLANG_WARN_EMPTY_BODY = YES;
				CLANG_WARN_ENUM_CONVERSION = YES;
				CLANG_WARN_INT_CONVERSION = YES;
				CLANG_WARN_OBJC_ROOT_CLASS = YES_ERROR;
				CLANG_WARN__DUPLICATE_METHOD_MATCH = YES;
				"CODE_SIGN_IDENTITY[sdk=iphoneos*]" = "iPhone Developer: Song Tao Wang (XR7TNEFQ9W)";
				COPY_PHASE_STRIP = NO;
				GCC_C_LANGUAGE_STANDARD = gnu99;
				GCC_DYNAMIC_NO_PIC = NO;
				GCC_OPTIMIZATION_LEVEL = 0;
				GCC_PREPROCESSOR_DEFINITIONS = (
					"DEBUG=1",
					"$(inherited)",
				);
				GCC_SYMBOLS_PRIVATE_EXTERN = NO;
				GCC_WARN_64_TO_32_BIT_CONVERSION = YES;
				GCC_WARN_ABOUT_RETURN_TYPE = YES_ERROR;
				GCC_WARN_UNDECLARED_SELECTOR = YES;
				GCC_WARN_UNINITIALIZED_AUTOS = YES_AGGRESSIVE;
				GCC_WARN_UNUSED_FUNCTION = YES;
				GCC_WARN_UNUSED_VARIABLE = YES;
				IPHONEOS_DEPLOYMENT_TARGET = 7.1;
				ONLY_ACTIVE_ARCH = YES;
				PROVISIONING_PROFILE = "129217CE-10A9-47AA-BF2F-57502DB2B573";
				SDKROOT = iphoneos;
			};
			name = Debug;
		};
		F0B3E66919756C81008DC625 /* Release */ = {
			isa = XCBuildConfiguration;
			buildSettings = {
				ALWAYS_SEARCH_USER_PATHS = NO;
				CLANG_CXX_LANGUAGE_STANDARD = "gnu++0x";
				CLANG_CXX_LIBRARY = "libc++";
				CLANG_ENABLE_MODULES = YES;
				CLANG_ENABLE_OBJC_ARC = YES;
				CLANG_WARN_BOOL_CONVERSION = YES;
				CLANG_WARN_CONSTANT_CONVERSION = YES;
				CLANG_WARN_DIRECT_OBJC_ISA_USAGE = YES_ERROR;
				CLANG_WARN_EMPTY_BODY = YES;
				CLANG_WARN_ENUM_CONVERSION = YES;
				CLANG_WARN_INT_CONVERSION = YES;
				CLANG_WARN_OBJC_ROOT_CLASS = YES_ERROR;
				CLANG_WARN__DUPLICATE_METHOD_MATCH = YES;
				CODE_SIGN_IDENTITY = "iPhone Developer";
				"CODE_SIGN_IDENTITY[sdk=iphoneos*]" = "iPhone Developer: Song Tao Wang (XR7TNEFQ9W)";
				COPY_PHASE_STRIP = YES;
				ENABLE_NS_ASSERTIONS = NO;
				GCC_C_LANGUAGE_STANDARD = gnu99;
				GCC_WARN_64_TO_32_BIT_CONVERSION = YES;
				GCC_WARN_ABOUT_RETURN_TYPE = YES_ERROR;
				GCC_WARN_UNDECLARED_SELECTOR = YES;
				GCC_WARN_UNINITIALIZED_AUTOS = YES_AGGRESSIVE;
				GCC_WARN_UNUSED_FUNCTION = YES;
				GCC_WARN_UNUSED_VARIABLE = YES;
				IPHONEOS_DEPLOYMENT_TARGET = 7.1;
				PROVISIONING_PROFILE = "129217CE-10A9-47AA-BF2F-57502DB2B573";
				SDKROOT = iphoneos;
				VALIDATE_PRODUCT = YES;
			};
			name = Release;
		};
		F0B3E66B19756C81008DC625 /* Debug */ = {
			isa = XCBuildConfiguration;
			buildSettings = {
				ASSETCATALOG_COMPILER_APPICON_NAME = AppIcon;
				ASSETCATALOG_COMPILER_LAUNCHIMAGE_NAME = LaunchImage;
				GCC_PRECOMPILE_PREFIX_HEADER = YES;
				GCC_PREFIX_HEADER = "WinLottery/WinLottery-Prefix.pch";
				INFOPLIST_FILE = "WinLottery/WinLottery-Info.plist";
				PRODUCT_NAME = WinLottery;
				WRAPPER_EXTENSION = app;
			};
			name = Debug;
		};
		F0B3E66C19756C81008DC625 /* Release */ = {
			isa = XCBuildConfiguration;
			buildSettings = {
				ASSETCATALOG_COMPILER_APPICON_NAME = AppIcon;
				ASSETCATALOG_COMPILER_LAUNCHIMAGE_NAME = LaunchImage;
				GCC_PRECOMPILE_PREFIX_HEADER = YES;
				GCC_PREFIX_HEADER = "WinLottery/WinLottery-Prefix.pch";
				INFOPLIST_FILE = "WinLottery/WinLottery-Info.plist";
				PRODUCT_NAME = WinLottery;
				WRAPPER_EXTENSION = app;
			};
			name = Release;
		};
/* End XCBuildConfiguration section */

/* Begin XCConfigurationList section */
		F0B3E63919756C81008DC625 /* Build configuration list for PBXProject "WinLottery" */ = {
			isa = XCConfigurationList;
			buildConfigurations = (
				F0B3E66819756C81008DC625 /* Debug */,
				F0B3E66919756C81008DC625 /* Release */,
			);
			defaultConfigurationIsVisible = 0;
			defaultConfigurationName = Release;
		};
		F0B3E66A19756C81008DC625 /* Build configuration list for PBXNativeTarget "WinLottery" */ = {
			isa = XCConfigurationList;
			buildConfigurations = (
				F0B3E66B19756C81008DC625 /* Debug */,
				F0B3E66C19756C81008DC625 /* Release */,
			);
			defaultConfigurationIsVisible = 0;
			defaultConfigurationName = Release;
		};
/* End XCConfigurationList section */
	};
	rootObject = F0B3E63619756C81008DC625 /* Project object */;
}
